{
  "originHash" : "13870fa70bfb7663ab3b1438300581f5b67fbd593c94311de83058bd429219f1",
  "pins" : [
    {
      "identity" : "defaultskit",
      "kind" : "remoteSourceControl",
      "location" : "https://github.com/markbattistella/DefaultsKit",
      "state" : {
        "revision" : "07059209ee37627cd15a27f4e39106789c1b319d",
        "version" : "26.1.9"
      }
    },
    {
      "identity" : "triggerkit",
      "kind" : "remoteSourceControl",
      "location" : "https://github.com/markbattistella/TriggerKit",
      "state" : {
        "revision" : "2bce89d62186ddf1edb0e29b3109bd2f016d31fc",
        "version" : "26.1.9"
      }
    }
  ],
  "version" : 3
}
