{
  "originHash" : "a6ef6fd996cd318ffb06e7a77ca7eee312e99ff06bb562173754e1444a2e6bd5",
  "pins" : [
    {
      "identity" : "defaultskit",
      "kind" : "remoteSourceControl",
      "location" : "https://github.com/markbattistella/DefaultsKit",
      "state" : {
        "revision" : "2f1fcadbe18926185b022397336c61979d8794ac",
        "version" : "25.11.22"
      }
    },
    {
      "identity" : "triggerkit",
      "kind" : "remoteSourceControl",
      "location" : "https://github.com/markbattistella/TriggerKit",
      "state" : {
        "revision" : "5b30ef85f7903610cec6aba9cdbf91732e04f3e2",
        "version" : "1.0.1"
      }
    }
  ],
  "version" : 3
}
